
Microsoft Visual Studio Solution File, Format Version 12.00
# Visual Studio Version 17
VisualStudioVersion = 17.0.31903.59
MinimumVisualStudioVersion = 10.0.40219.1
Project("{2150E333-8FDC-42A3-9474-1A3956D46DE8}") = "Src", "Src", "{E900428E-9CDE-4666-9D3D-32B2C7F9DA8D}"
EndProject
Project("{2150E333-8FDC-42A3-9474-1A3956D46DE8}") = "Warehouse", "Warehouse", "{BD8D53E0-1F97-475E-A639-B912A3D0312D}"
EndProject
Project("{FAE04EC0-301F-11D3-BF4B-00C04F79EFBC}") = "Warehouse.Api", "Src\Warehouse\Warehouse.Api\Warehouse.Api.csproj", "{8339AA1D-01C2-4C95-9680-6A79B4B6ECCC}"
EndProject
Project("{2150E333-8FDC-42A3-9474-1A3956D46DE8}") = "Solution Items", "Solution Items", "{65DFB623-42F0-4428-B8D3-A4DD2911D4D0}"
	ProjectSection(SolutionItems) = preProject
		compose.yaml = compose.yaml
	EndProjectSection
EndProject
Project("{2150E333-8FDC-42A3-9474-1A3956D46DE8}") = "Shared", "Shared", "{787D95E5-8AAF-497D-AB7E-C8DB79AFE6C4}"
EndProject
Project("{2150E333-8FDC-42A3-9474-1A3956D46DE8}") = "Domain", "Domain", "{7E4CE68D-30F3-4D38-8690-BF9F7AFE54BA}"
EndProject
Project("{2150E333-8FDC-42A3-9474-1A3956D46DE8}") = "Application", "Application", "{B54555A5-387B-4036-A8BD-84AD36D20E0D}"
EndProject
Project("{2150E333-8FDC-42A3-9474-1A3956D46DE8}") = "Ui", "Ui", "{6B97EA31-A07C-445F-A09C-10EA829A6479}"
EndProject
Project("{FAE04EC0-301F-11D3-BF4B-00C04F79EFBC}") = "Shared.Ui", "Shared\Ui\Shared.Ui\Shared.Ui.csproj", "{EFDC5694-3A29-467E-9976-0B7C56B476EE}"
EndProject
Project("{2150E333-8FDC-42A3-9474-1A3956D46DE8}") = "Catalog", "Catalog", "{80809D82-43AD-47F8-A910-A8FBD81A9332}"
EndProject
Project("{FAE04EC0-301F-11D3-BF4B-00C04F79EFBC}") = "Catalog.Api", "Src\Catalog\Catalog.Api\Catalog.Api.csproj", "{65131D11-D44A-4CDC-BDC3-057555C8B46B}"
EndProject
Project("{2150E333-8FDC-42A3-9474-1A3956D46DE8}") = "Infrastructure", "Infrastructure", "{379AE9DB-37C4-401C-97A9-7B33BA81ED0B}"
EndProject
Project("{FAE04EC0-301F-11D3-BF4B-00C04F79EFBC}") = "Shared.Infrastructure", "Src\Shared\Infrastructure\Shared.Infrastructure\Shared.Infrastructure.csproj", "{8C812FBB-FA84-4AD6-8551-A5A0FC333717}"
EndProject
Project("{FAE04EC0-301F-11D3-BF4B-00C04F79EFBC}") = "Shared.Domain", "Src\Shared\Domain\Shared.Domain\Shared.Domain.csproj", "{500CE730-70CD-412C-A6CB-FF58DC8EF9F7}"
EndProject
Project("{FAE04EC0-301F-11D3-BF4B-00C04F79EFBC}") = "Shared.Application", "Src\Shared\Application\Shared.Application\Shared.Application.csproj", "{35E03C6C-0B33-40B7-BA19-E9229783641A}"
EndProject
Global
	GlobalSection(SolutionConfigurationPlatforms) = preSolution
		Debug|Any CPU = Debug|Any CPU
		Release|Any CPU = Release|Any CPU
	EndGlobalSection
	GlobalSection(SolutionProperties) = preSolution
		HideSolutionNode = FALSE
	EndGlobalSection
	GlobalSection(NestedProjects) = preSolution
		{BD8D53E0-1F97-475E-A639-B912A3D0312D} = {E900428E-9CDE-4666-9D3D-32B2C7F9DA8D}
		{8339AA1D-01C2-4C95-9680-6A79B4B6ECCC} = {BD8D53E0-1F97-475E-A639-B912A3D0312D}
		{787D95E5-8AAF-497D-AB7E-C8DB79AFE6C4} = {E900428E-9CDE-4666-9D3D-32B2C7F9DA8D}
		{7E4CE68D-30F3-4D38-8690-BF9F7AFE54BA} = {787D95E5-8AAF-497D-AB7E-C8DB79AFE6C4}
		{B54555A5-387B-4036-A8BD-84AD36D20E0D} = {787D95E5-8AAF-497D-AB7E-C8DB79AFE6C4}
		{6B97EA31-A07C-445F-A09C-10EA829A6479} = {787D95E5-8AAF-497D-AB7E-C8DB79AFE6C4}
		{EFDC5694-3A29-467E-9976-0B7C56B476EE} = {6B97EA31-A07C-445F-A09C-10EA829A6479}
		{80809D82-43AD-47F8-A910-A8FBD81A9332} = {E900428E-9CDE-4666-9D3D-32B2C7F9DA8D}
		{65131D11-D44A-4CDC-BDC3-057555C8B46B} = {80809D82-43AD-47F8-A910-A8FBD81A9332}
		{379AE9DB-37C4-401C-97A9-7B33BA81ED0B} = {787D95E5-8AAF-497D-AB7E-C8DB79AFE6C4}
		{8C812FBB-FA84-4AD6-8551-A5A0FC333717} = {379AE9DB-37C4-401C-97A9-7B33BA81ED0B}
		{500CE730-70CD-412C-A6CB-FF58DC8EF9F7} = {7E4CE68D-30F3-4D38-8690-BF9F7AFE54BA}
		{35E03C6C-0B33-40B7-BA19-E9229783641A} = {B54555A5-387B-4036-A8BD-84AD36D20E0D}
	EndGlobalSection
	GlobalSection(ProjectConfigurationPlatforms) = postSolution
		{8339AA1D-01C2-4C95-9680-6A79B4B6ECCC}.Debug|Any CPU.ActiveCfg = Debug|Any CPU
		{8339AA1D-01C2-4C95-9680-6A79B4B6ECCC}.Debug|Any CPU.Build.0 = Debug|Any CPU
		{8339AA1D-01C2-4C95-9680-6A79B4B6ECCC}.Release|Any CPU.ActiveCfg = Release|Any CPU
		{8339AA1D-01C2-4C95-9680-6A79B4B6ECCC}.Release|Any CPU.Build.0 = Release|Any CPU
		{EFDC5694-3A29-467E-9976-0B7C56B476EE}.Debug|Any CPU.ActiveCfg = Debug|Any CPU
		{EFDC5694-3A29-467E-9976-0B7C56B476EE}.Debug|Any CPU.Build.0 = Debug|Any CPU
		{EFDC5694-3A29-467E-9976-0B7C56B476EE}.Release|Any CPU.ActiveCfg = Release|Any CPU
		{EFDC5694-3A29-467E-9976-0B7C56B476EE}.Release|Any CPU.Build.0 = Release|Any CPU
		{65131D11-D44A-4CDC-BDC3-057555C8B46B}.Debug|Any CPU.ActiveCfg = Debug|Any CPU
		{65131D11-D44A-4CDC-BDC3-057555C8B46B}.Debug|Any CPU.Build.0 = Debug|Any CPU
		{65131D11-D44A-4CDC-BDC3-057555C8B46B}.Release|Any CPU.ActiveCfg = Release|Any CPU
		{65131D11-D44A-4CDC-BDC3-057555C8B46B}.Release|Any CPU.Build.0 = Release|Any CPU
		{8C812FBB-FA84-4AD6-8551-A5A0FC333717}.Debug|Any CPU.ActiveCfg = Debug|Any CPU
		{8C812FBB-FA84-4AD6-8551-A5A0FC333717}.Debug|Any CPU.Build.0 = Debug|Any CPU
		{8C812FBB-FA84-4AD6-8551-A5A0FC333717}.Release|Any CPU.ActiveCfg = Release|Any CPU
		{8C812FBB-FA84-4AD6-8551-A5A0FC333717}.Release|Any CPU.Build.0 = Release|Any CPU
		{500CE730-70CD-412C-A6CB-FF58DC8EF9F7}.Debug|Any CPU.ActiveCfg = Debug|Any CPU
		{500CE730-70CD-412C-A6CB-FF58DC8EF9F7}.Debug|Any CPU.Build.0 = Debug|Any CPU
		{500CE730-70CD-412C-A6CB-FF58DC8EF9F7}.Release|Any CPU.ActiveCfg = Release|Any CPU
		{500CE730-70CD-412C-A6CB-FF58DC8EF9F7}.Release|Any CPU.Build.0 = Release|Any CPU
		{35E03C6C-0B33-40B7-BA19-E9229783641A}.Debug|Any CPU.ActiveCfg = Debug|Any CPU
		{35E03C6C-0B33-40B7-BA19-E9229783641A}.Debug|Any CPU.Build.0 = Debug|Any CPU
		{35E03C6C-0B33-40B7-BA19-E9229783641A}.Release|Any CPU.ActiveCfg = Release|Any CPU
		{35E03C6C-0B33-40B7-BA19-E9229783641A}.Release|Any CPU.Build.0 = Release|Any CPU
	EndGlobalSection
EndGlobal
